
Microsoft Visual Studio Solution File, Format Version 12.00
# Visual Studio Version 16
VisualStudioVersion = 16.0.30804.86
MinimumVisualStudioVersion = 10.0.40219.1
Project("{9A19103F-16F7-4668-BE54-9A1E7A4F7556}") = "MediatR.AspNet", "MediatR.AspNet\MediatR.AspNet.csproj", "{61ADD159-8978-4361-848F-23EE6D0A6080}"
EndProject
Project("{9A19103F-16F7-4668-BE54-9A1E7A4F7556}") = "MediatR.AspNet.Tests", "MediatR.AspNet.Tests\MediatR.AspNet.Tests.csproj", "{845DD018-472B-48B9-A157-3F7460D31CEF}"
EndProject
Project("{2150E333-8FDC-42A3-9474-1A3956D46DE8}") = "DemoProject", "DemoProject", "{C0EC2D62-194D-4AE4-A5E9-2BE840E24E10}"
EndProject
Project("{FAE04EC0-301F-11D3-BF4B-00C04F79EFBC}") = "DemoIntegrationTests", "DemoIntegrationTests\DemoIntegrationTests.csproj", "{116845A5-50FA-45CC-BA59-B7264B96D50E}"
EndProject
Project("{FAE04EC0-301F-11D3-BF4B-00C04F79EFBC}") = "Demo", "Demo\Demo.csproj", "{8AB70613-0DEC-4E33-8D19-18FD13AAD1D7}"
EndProject
Global
	GlobalSection(SolutionConfigurationPlatforms) = preSolution
		Debug|Any CPU = Debug|Any CPU
		Release|Any CPU = Release|Any CPU
	EndGlobalSection
	GlobalSection(ProjectConfigurationPlatforms) = postSolution
		{61ADD159-8978-4361-848F-23EE6D0A6080}.Debug|Any CPU.ActiveCfg = Debug|Any CPU
		{61ADD159-8978-4361-848F-23EE6D0A6080}.Debug|Any CPU.Build.0 = Debug|Any CPU
		{61ADD159-8978-4361-848F-23EE6D0A6080}.Release|Any CPU.ActiveCfg = Release|Any CPU
		{61ADD159-8978-4361-848F-23EE6D0A6080}.Release|Any CPU.Build.0 = Release|Any CPU
		{845DD018-472B-48B9-A157-3F7460D31CEF}.Debug|Any CPU.ActiveCfg = Debug|Any CPU
		{845DD018-472B-48B9-A157-3F7460D31CEF}.Debug|Any CPU.Build.0 = Debug|Any CPU
		{845DD018-472B-48B9-A157-3F7460D31CEF}.Release|Any CPU.ActiveCfg = Release|Any CPU
		{845DD018-472B-48B9-A157-3F7460D31CEF}.Release|Any CPU.Build.0 = Release|Any CPU
		{116845A5-50FA-45CC-BA59-B7264B96D50E}.Debug|Any CPU.ActiveCfg = Debug|Any CPU
		{116845A5-50FA-45CC-BA59-B7264B96D50E}.Debug|Any CPU.Build.0 = Debug|Any CPU
		{116845A5-50FA-45CC-BA59-B7264B96D50E}.Release|Any CPU.ActiveCfg = Release|Any CPU
		{116845A5-50FA-45CC-BA59-B7264B96D50E}.Release|Any CPU.Build.0 = Release|Any CPU
		{8AB70613-0DEC-4E33-8D19-18FD13AAD1D7}.Debug|Any CPU.ActiveCfg = Debug|Any CPU
		{8AB70613-0DEC-4E33-8D19-18FD13AAD1D7}.Debug|Any CPU.Build.0 = Debug|Any CPU
		{8AB70613-0DEC-4E33-8D19-18FD13AAD1D7}.Release|Any CPU.ActiveCfg = Release|Any CPU
		{8AB70613-0DEC-4E33-8D19-18FD13AAD1D7}.Release|Any CPU.Build.0 = Release|Any CPU
	EndGlobalSection
	GlobalSection(SolutionProperties) = preSolution
		HideSolutionNode = FALSE
	EndGlobalSection
	GlobalSection(NestedProjects) = preSolution
		{116845A5-50FA-45CC-BA59-B7264B96D50E} = {C0EC2D62-194D-4AE4-A5E9-2BE840E24E10}
		{8AB70613-0DEC-4E33-8D19-18FD13AAD1D7} = {C0EC2D62-194D-4AE4-A5E9-2BE840E24E10}
	EndGlobalSection
	GlobalSection(ExtensibilityGlobals) = postSolution
		SolutionGuid = {00FA9F40-0604-4793-A8BD-E9C4DC6FC3EA}
	EndGlobalSection
EndGlobal
